// !$*UTF8*$!
{
	archiveVersion = 1;
	classes = {
	};
	objectVersion = 50;
	objects = {

/* Begin PBXBuildFile section */
		5EE1A89B25715621006A374D /* AppDelegate.swift in Sources */ = {isa = PBXBuildFile; fileRef = 5EE1A89A25715621006A374D /* AppDelegate.swift */; };
		5EE1A89D25715621006A374D /* SceneDelegate.swift in Sources */ = {isa = PBXBuildFile; fileRef = 5EE1A89C25715621006A374D /* SceneDelegate.swift */; };
		5EE1A89F25715621006A374D /* ViewController.swift in Sources */ = {isa = PBXBuildFile; fileRef = 5EE1A89E25715621006A374D /* ViewController.swift */; };
		5EE1A8A225715621006A374D /* Main.storyboard in Resources */ = {isa = PBXBuildFile; fileRef = 5EE1A8A025715621006A374D /* Main.storyboard */; };
		5EE1A8A425715623006A374D /* Assets.xcassets in Resources */ = {isa = PBXBuildFile; fileRef = 5EE1A8A325715623006A374D /* Assets.xcassets */; };
		5EE1A8A725715623006A374D /* LaunchScreen.storyboard in Resources */ = {isa = PBXBuildFile; fileRef = 5EE1A8A525715623006A374D /* LaunchScreen.storyboard */; };
		5EE1A8B0257156F4006A374D /* AcademyStudents.swift in Sources */ = {isa = PBXBuildFile; fileRef = 5EE1A8AF257156F4006A374D /* AcademyStudents.swift */; };
		AE05E03A258264000076E702 /* WebServiceLiveCode.swift in Sources */ = {isa = PBXBuildFile; fileRef = AE05E039258264000076E702 /* WebServiceLiveCode.swift */; };
		AE05E03E25826AE70076E702 /* AcademyStudentLiveCode.swift in Sources */ = {isa = PBXBuildFile; fileRef = AE05E03D25826AE70076E702 /* AcademyStudentLiveCode.swift */; };
		AEAF02402580634000FEA77A /* StudentCellTableViewCell.swift in Sources */ = {isa = PBXBuildFile; fileRef = AEAF023F2580634000FEA77A /* StudentCellTableViewCell.swift */; };
		AEAF024325808CBA00FEA77A /* WebServiceTest.swift in Sources */ = {isa = PBXBuildFile; fileRef = AEAF024225808CBA00FEA77A /* WebServiceTest.swift */; };
		AECFB6EE25803C9800847D6A /* WebService.swift in Sources */ = {isa = PBXBuildFile; fileRef = AECFB6ED25803C9800847D6A /* WebService.swift */; };
/* End PBXBuildFile section */

/* Begin PBXFileReference section */
		5EE1A89725715621006A374D /* Using an API created by myself.app */ = {isa = PBXFileReference; explicitFileType = wrapper.application; includeInIndex = 0; path = "Using an API created by myself.app"; sourceTree = BUILT_PRODUCTS_DIR; };
		5EE1A89A25715621006A374D /* AppDelegate.swift */ = {isa = PBXFileReference; lastKnownFileType = sourcecode.swift; path = AppDelegate.swift; sourceTree = "<group>"; };
		5EE1A89C25715621006A374D /* SceneDelegate.swift */ = {isa = PBXFileReference; lastKnownFileType = sourcecode.swift; path = SceneDelegate.swift; sourceTree = "<group>"; };
		5EE1A89E25715621006A374D /* ViewController.swift */ = {isa = PBXFileReference; lastKnownFileType = sourcecode.swift; path = ViewController.swift; sourceTree = "<group>"; };
		5EE1A8A125715621006A374D /* Base */ = {isa = PBXFileReference; lastKnownFileType = file.storyboard; name = Base; path = Base.lproj/Main.storyboard; sourceTree = "<group>"; };
		5EE1A8A325715623006A374D /* Assets.xcassets */ = {isa = PBXFileReference; lastKnownFileType = folder.assetcatalog; path = Assets.xcassets; sourceTree = "<group>"; };
		5EE1A8A625715623006A374D /* Base */ = {isa = PBXFileReference; lastKnownFileType = file.storyboard; name = Base; path = Base.lproj/LaunchScreen.storyboard; sourceTree = "<group>"; };
		5EE1A8A825715623006A374D /* Info.plist */ = {isa = PBXFileReference; lastKnownFileType = text.plist.xml; path = Info.plist; sourceTree = "<group>"; };
		5EE1A8AF257156F4006A374D /* AcademyStudents.swift */ = {isa = PBXFileReference; lastKnownFileType = sourcecode.swift; path = AcademyStudents.swift; sourceTree = "<group>"; };
		AE05E039258264000076E702 /* WebServiceLiveCode.swift */ = {isa = PBXFileReference; lastKnownFileType = sourcecode.swift; path = WebServiceLiveCode.swift; sourceTree = "<group>"; };
		AE05E03D25826AE70076E702 /* AcademyStudentLiveCode.swift */ = {isa = PBXFileReference; lastKnownFileType = sourcecode.swift; path = AcademyStudentLiveCode.swift; sourceTree = "<group>"; };
		AEAF023F2580634000FEA77A /* StudentCellTableViewCell.swift */ = {isa = PBXFileReference; lastKnownFileType = sourcecode.swift; path = StudentCellTableViewCell.swift; sourceTree = "<group>"; };
		AEAF024225808CBA00FEA77A /* WebServiceTest.swift */ = {isa = PBXFileReference; lastKnownFileType = sourcecode.swift; path = WebServiceTest.swift; sourceTree = "<group>"; };
		AECFB6ED25803C9800847D6A /* WebService.swift */ = {isa = PBXFileReference; lastKnownFileType = sourcecode.swift; path = WebService.swift; sourceTree = "<group>"; };
/* End PBXFileReference section */

/* Begin PBXFrameworksBuildPhase section */
		5EE1A89425715621006A374D /* Frameworks */ = {
			isa = PBXFrameworksBuildPhase;
			buildActionMask = 2147483647;
			files = (
			);
			runOnlyForDeploymentPostprocessing = 0;
		};
/* End PBXFrameworksBuildPhase section */

/* Begin PBXGroup section */
		5EE1A88E25715621006A374D = {
			isa = PBXGroup;
			children = (
				5EE1A89925715621006A374D /* Using an API created by myself */,
				5EE1A89825715621006A374D /* Products */,
			);
			sourceTree = "<group>";
		};
		5EE1A89825715621006A374D /* Products */ = {
			isa = PBXGroup;
			children = (
				5EE1A89725715621006A374D /* Using an API created by myself.app */,
			);
			name = Products;
			sourceTree = "<group>";
		};
		5EE1A89925715621006A374D /* Using an API created by myself */ = {
			isa = PBXGroup;
			children = (
				AE05E03C258269F10076E702 /* Model */,
				AEAF023E2580632300FEA77A /* Cell */,
				AECFB6EC25803C8B00847D6A /* Service */,
				AECFB6EB25803C7C00847D6A /* Controller */,
				5EE1A89A25715621006A374D /* AppDelegate.swift */,
				5EE1A89C25715621006A374D /* SceneDelegate.swift */,
				5EE1A8A025715621006A374D /* Main.storyboard */,
				5EE1A8A325715623006A374D /* Assets.xcassets */,
				5EE1A8A525715623006A374D /* LaunchScreen.storyboard */,
				5EE1A8A825715623006A374D /* Info.plist */,
			);
			path = "Using an API created by myself";
			sourceTree = "<group>";
		};
		AE05E03C258269F10076E702 /* Model */ = {
			isa = PBXGroup;
			children = (
				5EE1A8AF257156F4006A374D /* AcademyStudents.swift */,
				AE05E03D25826AE70076E702 /* AcademyStudentLiveCode.swift */,
			);
			path = Model;
			sourceTree = "<group>";
		};
		AEAF023E2580632300FEA77A /* Cell */ = {
			isa = PBXGroup;
			children = (
				AEAF023F2580634000FEA77A /* StudentCellTableViewCell.swift */,
			);
			path = Cell;
			sourceTree = "<group>";
		};
		AECFB6EB25803C7C00847D6A /* Controller */ = {
			isa = PBXGroup;
			children = (
				5EE1A89E25715621006A374D /* ViewController.swift */,
			);
			path = Controller;
			sourceTree = "<group>";
		};
		AECFB6EC25803C8B00847D6A /* Service */ = {
			isa = PBXGroup;
			children = (
				AECFB6ED25803C9800847D6A /* WebService.swift */,
				AEAF024225808CBA00FEA77A /* WebServiceTest.swift */,
				AE05E039258264000076E702 /* WebServiceLiveCode.swift */,
			);
			path = Service;
			sourceTree = "<group>";
		};
/* End PBXGroup section */

/* Begin PBXNativeTarget section */
		5EE1A89625715621006A374D /* Using an API created by myself */ = {
			isa = PBXNativeTarget;
			buildConfigurationList = 5EE1A8AB25715623006A374D /* Build configuration list for PBXNativeTarget "Using an API created by myself" */;
			buildPhases = (
				5EE1A89325715621006A374D /* Sources */,
				5EE1A89425715621006A374D /* Frameworks */,
				5EE1A89525715621006A374D /* Resources */,
			);
			buildRules = (
			);
			dependencies = (
			);
			name = "Using an API created by myself";
			productName = "Using an API created by myself";
			productReference = 5EE1A89725715621006A374D /* Using an API created by myself.app */;
			productType = "com.apple.product-type.application";
		};
/* End PBXNativeTarget section */

/* Begin PBXProject section */
		5EE1A88F25715621006A374D /* Project object */ = {
			isa = PBXProject;
			attributes = {
				LastSwiftUpdateCheck = 1220;
				LastUpgradeCheck = 1220;
				TargetAttributes = {
					5EE1A89625715621006A374D = {
						CreatedOnToolsVersion = 12.2;
					};
				};
			};
			buildConfigurationList = 5EE1A89225715621006A374D /* Build configuration list for PBXProject "Using an API created by myself" */;
			compatibilityVersion = "Xcode 9.3";
			developmentRegion = en;
			hasScannedForEncodings = 0;
			knownRegions = (
				en,
				Base,
			);
			mainGroup = 5EE1A88E25715621006A374D;
			productRefGroup = 5EE1A89825715621006A374D /* Products */;
			projectDirPath = "";
			projectRoot = "";
			targets = (
				5EE1A89625715621006A374D /* Using an API created by myself */,
			);
		};
/* End PBXProject section */

/* Begin PBXResourcesBuildPhase section */
		5EE1A89525715621006A374D /* Resources */ = {
			isa = PBXResourcesBuildPhase;
			buildActionMask = 2147483647;
			files = (
				5EE1A8A725715623006A374D /* LaunchScreen.storyboard in Resources */,
				5EE1A8A425715623006A374D /* Assets.xcassets in Resources */,
				5EE1A8A225715621006A374D /* Main.storyboard in Resources */,
			);
			runOnlyForDeploymentPostprocessing = 0;
		};
/* End PBXResourcesBuildPhase section */

/* Begin PBXSourcesBuildPhase section */
		5EE1A89325715621006A374D /* Sources */ = {
			isa = PBXSourcesBuildPhase;
			buildActionMask = 2147483647;
			files = (
				5EE1A89F25715621006A374D /* ViewController.swift in Sources */,
				5EE1A89B25715621006A374D /* AppDelegate.swift in Sources */,
				5EE1A8B0257156F4006A374D /* AcademyStudents.swift in Sources */,
				AEAF02402580634000FEA77A /* StudentCellTableViewCell.swift in Sources */,
				AE05E03E25826AE70076E702 /* AcademyStudentLiveCode.swift in Sources */,
				AECFB6EE25803C9800847D6A /* WebService.swift in Sources */,
				AE05E03A258264000076E702 /* WebServiceLiveCode.swift in Sources */,
				AEAF024325808CBA00FEA77A /* WebServiceTest.swift in Sources */,
				5EE1A89D25715621006A374D /* SceneDelegate.swift in Sources */,
			);
			runOnlyForDeploymentPostprocessing = 0;
		};
/* End PBXSourcesBuildPhase section */

/* Begin PBXVariantGroup section */
		5EE1A8A025715621006A374D /* Main.storyboard */ = {
			isa = PBXVariantGroup;
			children = (
				5EE1A8A125715621006A374D /* Base */,
			);
			name = Main.storyboard;
			sourceTree = "<group>";
		};
		5EE1A8A525715623006A374D /* LaunchScreen.storyboard */ = {
			isa = PBXVariantGroup;
			children = (
				5EE1A8A625715623006A374D /* Base */,
			);
			name = LaunchScreen.storyboard;
			sourceTree = "<group>";
		};
/* End PBXVariantGroup section */

/* Begin XCBuildConfiguration section */
		5EE1A8A925715623006A374D /* Debug */ = {
			isa = XCBuildConfiguration;
			buildSettings = {
				ALWAYS_SEARCH_USER_PATHS = NO;
				CLANG_ANALYZER_NONNULL = YES;
				CLANG_ANALYZER_NUMBER_OBJECT_CONVERSION = YES_AGGRESSIVE;
				CLANG_CXX_LANGUAGE_STANDARD = "gnu++14";
				CLANG_CXX_LIBRARY = "libc++";
				CLANG_ENABLE_MODULES = YES;
				CLANG_ENABLE_OBJC_ARC = YES;
				CLANG_ENABLE_OBJC_WEAK = YES;
				CLANG_WARN_BLOCK_CAPTURE_AUTORELEASING = YES;
				CLANG_WARN_BOOL_CONVERSION = YES;
				CLANG_WARN_COMMA = YES;
				CLANG_WARN_CONSTANT_CONVERSION = YES;
				CLANG_WARN_DEPRECATED_OBJC_IMPLEMENTATIONS = YES;
				CLANG_WARN_DIRECT_OBJC_ISA_USAGE = YES_ERROR;
				CLANG_WARN_DOCUMENTATION_COMMENTS = YES;
				CLANG_WARN_EMPTY_BODY = YES;
				CLANG_WARN_ENUM_CONVERSION = YES;
				CLANG_WARN_INFINITE_RECURSION = YES;
				CLANG_WARN_INT_CONVERSION = YES;
				CLANG_WARN_NON_LITERAL_NULL_CONVERSION = YES;
				CLANG_WARN_OBJC_IMPLICIT_RETAIN_SELF = YES;
				CLANG_WARN_OBJC_LITERAL_CONVERSION = YES;
				CLANG_WARN_OBJC_ROOT_CLASS = YES_ERROR;
				CLANG_WARN_QUOTED_INCLUDE_IN_FRAMEWORK_HEADER = YES;
				CLANG_WARN_RANGE_LOOP_ANALYSIS = YES;
				CLANG_WARN_STRICT_PROTOTYPES = YES;
				CLANG_WARN_SUSPICIOUS_MOVE = YES;
				CLANG_WARN_UNGUARDED_AVAILABILITY = YES_AGGRESSIVE;
				CLANG_WARN_UNREACHABLE_CODE = YES;
				CLANG_WARN__DUPLICATE_METHOD_MATCH = YES;
				COPY_PHASE_STRIP = NO;
				DEBUG_INFORMATION_FORMAT = dwarf;
				ENABLE_STRICT_OBJC_MSGSEND = YES;
				ENABLE_TESTABILITY = YES;
				GCC_C_LANGUAGE_STANDARD = gnu11;
				GCC_DYNAMIC_NO_PIC = NO;
				GCC_NO_COMMON_BLOCKS = YES;
				GCC_OPTIMIZATION_LEVEL = 0;
				GCC_PREPROCESSOR_DEFINITIONS = (
					"DEBUG=1",
					"$(inherited)",
				);
				GCC_WARN_64_TO_32_BIT_CONVERSION = YES;
				GCC_WARN_ABOUT_RETURN_TYPE = YES_ERROR;
				GCC_WARN_UNDECLARED_SELECTOR = YES;
				GCC_WARN_UNINITIALIZED_AUTOS = YES_AGGRESSIVE;
				GCC_WARN_UNUSED_FUNCTION = YES;
				GCC_WARN_UNUSED_VARIABLE = YES;
				IPHONEOS_DEPLOYMENT_TARGET = 14.2;
				MTL_ENABLE_DEBUG_INFO = INCLUDE_SOURCE;
				MTL_FAST_MATH = YES;
				ONLY_ACTIVE_ARCH = YES;
				SDKROOT = iphoneos;
				SWIFT_ACTIVE_COMPILATION_CONDITIONS = DEBUG;
				SWIFT_OPTIMIZATION_LEVEL = "-Onone";
			};
			name = Debug;
		};
		5EE1A8AA25715623006A374D /* Release */ = {
			isa = XCBuildConfiguration;
			buildSettings = {
				ALWAYS_SEARCH_USER_PATHS = NO;
				CLANG_ANALYZER_NONNULL = YES;
				CLANG_ANALYZER_NUMBER_OBJECT_CONVERSION = YES_AGGRESSIVE;
				CLANG_CXX_LANGUAGE_STANDARD = "gnu++14";
				CLANG_CXX_LIBRARY = "libc++";
				CLANG_ENABLE_MODULES = YES;
				CLANG_ENABLE_OBJC_ARC = YES;
				CLANG_ENABLE_OBJC_WEAK = YES;
				CLANG_WARN_BLOCK_CAPTURE_AUTORELEASING = YES;
				CLANG_WARN_BOOL_CONVERSION = YES;
				CLANG_WARN_COMMA = YES;
				CLANG_WARN_CONSTANT_CONVERSION = YES;
				CLANG_WARN_DEPRECATED_OBJC_IMPLEMENTATIONS = YES;
				CLANG_WARN_DIRECT_OBJC_ISA_USAGE = YES_ERROR;
				CLANG_WARN_DOCUMENTATION_COMMENTS = YES;
				CLANG_WARN_EMPTY_BODY = YES;
				CLANG_WARN_ENUM_CONVERSION = YES;
				CLANG_WARN_INFINITE_RECURSION = YES;
				CLANG_WARN_INT_CONVERSION = YES;
				CLANG_WARN_NON_LITERAL_NULL_CONVERSION = YES;
				CLANG_WARN_OBJC_IMPLICIT_RETAIN_SELF = YES;
				CLANG_WARN_OBJC_LITERAL_CONVERSION = YES;
				CLANG_WARN_OBJC_ROOT_CLASS = YES_ERROR;
				CLANG_WARN_QUOTED_INCLUDE_IN_FRAMEWORK_HEADER = YES;
				CLANG_WARN_RANGE_LOOP_ANALYSIS = YES;
				CLANG_WARN_STRICT_PROTOTYPES = YES;
				CLANG_WARN_SUSPICIOUS_MOVE = YES;
				CLANG_WARN_UNGUARDED_AVAILABILITY = YES_AGGRESSIVE;
				CLANG_WARN_UNREACHABLE_CODE = YES;
				CLANG_WARN__DUPLICATE_METHOD_MATCH = YES;
				COPY_PHASE_STRIP = NO;
				DEBUG_INFORMATION_FORMAT = "dwarf-with-dsym";
				ENABLE_NS_ASSERTIONS = NO;
				ENABLE_STRICT_OBJC_MSGSEND = YES;
				GCC_C_LANGUAGE_STANDARD = gnu11;
				GCC_NO_COMMON_BLOCKS = YES;
				GCC_WARN_64_TO_32_BIT_CONVERSION = YES;
				GCC_WARN_ABOUT_RETURN_TYPE = YES_ERROR;
				GCC_WARN_UNDECLARED_SELECTOR = YES;
				GCC_WARN_UNINITIALIZED_AUTOS = YES_AGGRESSIVE;
				GCC_WARN_UNUSED_FUNCTION = YES;
				GCC_WARN_UNUSED_VARIABLE = YES;
				IPHONEOS_DEPLOYMENT_TARGET = 14.2;
				MTL_ENABLE_DEBUG_INFO = NO;
				MTL_FAST_MATH = YES;
				SDKROOT = iphoneos;
				SWIFT_COMPILATION_MODE = wholemodule;
				SWIFT_OPTIMIZATION_LEVEL = "-O";
				VALIDATE_PRODUCT = YES;
			};
			name = Release;
		};
		5EE1A8AC25715623006A374D /* Debug */ = {
			isa = XCBuildConfiguration;
			buildSettings = {
				ASSETCATALOG_COMPILER_APPICON_NAME = AppIcon;
				ASSETCATALOG_COMPILER_GLOBAL_ACCENT_COLOR_NAME = AccentColor;
				CODE_SIGN_STYLE = Automatic;
				DEVELOPMENT_TEAM = 9WAUZV94CS;
				INFOPLIST_FILE = "Using an API created by myself/Info.plist";
				LD_RUNPATH_SEARCH_PATHS = (
					"$(inherited)",
					"@executable_path/Frameworks",
				);
				PRODUCT_BUNDLE_IDENTIFIER = "com.vinicius.Using-an-API-created-by-myself";
				PRODUCT_NAME = "$(TARGET_NAME)";
				SWIFT_VERSION = 5.0;
				TARGETED_DEVICE_FAMILY = "1,2";
			};
			name = Debug;
		};
		5EE1A8AD25715623006A374D /* Release */ = {
			isa = XCBuildConfiguration;
			buildSettings = {
				ASSETCATALOG_COMPILER_APPICON_NAME = AppIcon;
				ASSETCATALOG_COMPILER_GLOBAL_ACCENT_COLOR_NAME = AccentColor;
				CODE_SIGN_STYLE = Automatic;
				DEVELOPMENT_TEAM = 9WAUZV94CS;
				INFOPLIST_FILE = "Using an API created by myself/Info.plist";
				LD_RUNPATH_SEARCH_PATHS = (
					"$(inherited)",
					"@executable_path/Frameworks",
				);
				PRODUCT_BUNDLE_IDENTIFIER = "com.vinicius.Using-an-API-created-by-myself";
				PRODUCT_NAME = "$(TARGET_NAME)";
				SWIFT_VERSION = 5.0;
				TARGETED_DEVICE_FAMILY = "1,2";
			};
			name = Release;
		};
/* End XCBuildConfiguration section */

/* Begin XCConfigurationList section */
		5EE1A89225715621006A374D /* Build configuration list for PBXProject "Using an API created by myself" */ = {
			isa = XCConfigurationList;
			buildConfigurations = (
				5EE1A8A925715623006A374D /* Debug */,
				5EE1A8AA25715623006A374D /* Release */,
			);
			defaultConfigurationIsVisible = 0;
			defaultConfigurationName = Release;
		};
		5EE1A8AB25715623006A374D /* Build configuration list for PBXNativeTarget "Using an API created by myself" */ = {
			isa = XCConfigurationList;
			buildConfigurations = (
				5EE1A8AC25715623006A374D /* Debug */,
				5EE1A8AD25715623006A374D /* Release */,
			);
			defaultConfigurationIsVisible = 0;
			defaultConfigurationName = Release;
		};
/* End XCConfigurationList section */
	};
	rootObject = 5EE1A88F25715621006A374D /* Project object */;
}
